# Final CPython 3.10 / linux-x86_64 runtime wheels. No dependency resolution.
attrs==26.1.0 --hash=sha256:c647aa4a12dfbad9333ca4e71fe62ddc36f4e63b2d260a37a8b83d2f043ac309
boto3==1.43.91 --hash=sha256:5ff948cfac8bff72227930e0894a8542731e1998634d1ffd8a074c20a90af919
botocore==1.43.91 --hash=sha256:f96363d4caf50bce45fe2fdc2d4d86b3bea7f5cd805169d53c1371c2dd4772b6
contourpy==1.3.2 --hash=sha256:ad687a04bc802cbe8b9c399c07162a3c35e227e2daccf1668eb1f278cb698631
cycler==0.12.1 --hash=sha256:85cef7cff222d8644161529808465972e51340599459b8ac3ccbac5a854e0d30
exceptiongroup==1.3.1 --hash=sha256:a7a39a3bd276781e98394987d3a5701d0c4edffb633bb7a5144577f82c773598
fonttools==4.64.0 --hash=sha256:d16102cbcd4615b09c64e6022733faccc93200785f1ab0d4493afb8b0261edde
gitdb==4.0.12 --hash=sha256:67073e15955400952c6565cc3e707c554a4eea2e428946f7a4c162fab9bd9bcf
gitpython==3.1.62 --hash=sha256:7002251225e10e29d2e1f49e6532613fe5d5d9f0b6f1f02997a52b38fe56899e
imageio==2.37.4 --hash=sha256:1ab2e22c8debf700f24c3ac43e8f95f3b3a8110c83b93411e97b4b0b2cd1c7e6
imageio-ffmpeg==0.6.0 --hash=sha256:c7e46fcec401dd990405049d2e2f475e2b397779df2519b544b8aab515195282
jmespath==1.1.0 --hash=sha256:a5663118de4908c91729bea0acadca56526eb2698e83de10cd116ae0f4e97c64
kiwisolver==1.5.1 --hash=sha256:e05c2f7925f1d88778e53cb44f14e0223204a3bdd09a41664750363acfb1f2ef
llvmlite==0.49.0 --hash=sha256:854941c2267fd4fc5b2ce02b8af8ecdffa79fb7784591d3a89370322039ea09f
matplotlib==3.10.9 --hash=sha256:1aa972116abb4c9d201bf245620b433726cb6856f3bef6a78f776a00f5c92d37
numba==0.67.0 --hash=sha256:d6c8e9ba3f9602471e8c6f563ffcce8db8046741f0bafb782a052e41dc6b6861
numpy==2.2.6 --hash=sha256:fc7b73d02efb0e18c000e9ad8b83480dfcd5dfd11065997ed4c6747470ae8915
numpy-quaternion==2024.0.13 --hash=sha256:e4da767ba9f44c9427ed244c7e9bb8c75f98f6efb32ed1b297b00e2fa8ee4202
pillow==12.3.0 --hash=sha256:f0606c8bf2cdefea14a43530f7657cbbb7ecf1c4222512492ef4a4434a9501ec
pyparsing==3.3.2 --hash=sha256:850ba148bd908d7e2411587e247a1e4f0327839c40e2e5e6d05a007ecc69911d
python-dateutil==2.9.0.post0 --hash=sha256:a8b2bc7bffae282281c8140a97d3aa9c14da0b136dfe83f850eea9a5f7470427
s3transfer==0.19.2 --hash=sha256:d8168eccca828cbb2cd573675333f3bddd254313a9c42494b84c76b539e8ba25
scipy==1.15.3 --hash=sha256:9e2abc762b0811e09a0d3258abee2d98e0c703eee49464ce0069590846f31d40
six==1.17.0 --hash=sha256:4721f391ed90541fddacab5acf947aa0d3dc7d27b2e1e8eda2be8970586c3274
smmap==5.0.3 --hash=sha256:c106e05d5a61449cf6ba9a1e650227ecfb141590d2a98412103ff35d89fc7b2f
tqdm==4.70.0 --hash=sha256:7f585706bfddbdebf89daac705b2dfcc16890130727d3197ca62c732b4310953
typing-extensions==4.16.0 --hash=sha256:481caa481374e813c1b176ada14e97f1f67a4539ce9cfeb3f350d78d6370c2e8
urllib3==2.7.0 --hash=sha256:9fb4c81ebbb1ce9531cce37674bbc6f1360472bc18ca9a553ede278ef7276897
