# Builder-only CPython 3.10 / linux-x86_64 wheels. Every artifact is exact.
cmake==3.28.3 --hash=sha256:d3bc42bf54ea3d64e5d81eb31275076817507cf4a6aa07a49ffc01985cae1f09
ninja==1.13.2 --hash=sha256:65a24341b5ac09fcadcc37082660be40a94174e51a937fabf6e2cae26225fa2c
packaging==26.3 --hash=sha256:d7193f7c8e4e93f444fde0262bf90af30e16fa0ad0ad44cb553c87339b23cd1c
pathspec==1.1.1 --hash=sha256:a00ce642f577bf7f473932318056212bc4f8bfdf53128c78bbd5af0b9b20b189
pybind11==3.1.0 --hash=sha256:b8488090f8acffbcb6b5d6a85571a6827a0a2981ffb75e5a0b27b87c4a6b7dd0
scikit-build-core==0.12.2 --hash=sha256:6ea4730da400f9a998ec3287bd3ebc1d751fe45ad0a93451bead8618adbc02b1
tomli==2.4.1 --hash=sha256:0d85819802132122da43cb86656f8d1f8c6587d54ae7dcaf30e90533028b49fe
