# This file was autogenerated by uv via the following command:
#    npa/docker/workbench/robocasa/generate-locks.sh
lerobot==0.5.1 \
    --hash=sha256:4a05a9d10f013bf8fc408c7bd9c32a261209250cb66987b796416911c96a6fd3 \
    --hash=sha256:bbd11021023fde0947b6d1ff1c52fe91c86a28ab09a96359892f3ef7e8866862
    # via -r npa/docker/workbench/robocasa/lerobot-requirements.in
