# npa.robotwin.public-bootstrap-runtime-lock.v1
status=complete-empty
artifact-count=0

# The public bootstrap intentionally installs no Python distribution, CUDA,
# cuDNN, CuRobo, RoboTwin, simulator, model, asset, cache, or output payload.
# Ubuntu's snapshot-locked python3-minimal package is part of apt-packages.lock
# and exists only to run NPA's standard-library refusal bootstrap. The future
# workload runtime remains disabled and requires a separate complete artifact
# lock plus the four independent human/runtime-use decisions.
