c2aeb1084396ed527d68e647eb088b266b340c447e19e44fabcfbce5afc7dd84 https://archive.ubuntu.com/ubuntu/pool/universe/f/fuse/fuse_2.9.9-8.1build1_amd64.deb
42919b326576c6c5cde85f4748092351c13b1b365c8793adb926b9c11cd5b22d https://archive.ubuntu.com/ubuntu/pool/universe/f/fuse/libfuse2t64_2.9.9-8.1build1_amd64.deb
b2b837c2f9939aeda64ddb410c47c5ceee3034cf2157939ed7efdee51961aac4 https://archive.ubuntu.com/ubuntu/pool/main/n/netcat-openbsd/netcat-openbsd_1.226-1ubuntu2_amd64.deb
2aa5a734b21b49ff6bd2239546b3f88275f8abb55dd8a984249e6cd0c1173a92 https://archive.ubuntu.com/ubuntu/pool/main/w/wget/wget_1.21.4-1ubuntu4.5_amd64.deb
a9cbdc424bc0a5c8af3d6445488a48de76df5ff4d76b7dab8aaf88f712358bbc https://archive.ubuntu.com/ubuntu/pool/main/k/kmod/libkmod2_31+20240202-2ubuntu7.2_amd64.deb
8e281ca777649e78755b064cb7ce0646a1cff6bede7e765ddc61f8bd1fb4e723 https://archive.ubuntu.com/ubuntu/pool/main/p/pciutils/libpci3_3.10.0-2build1_amd64.deb
1b8e5abfbd8d38c66cee2ecb843b26413d0a80e2844d2dbabf0197ab3dee9168 https://archive.ubuntu.com/ubuntu/pool/main/p/pci.ids/pci.ids_0.0~2024.03.31-1ubuntu0.1_all.deb
f3a2f1237f611258684a4f7789c5b75f4c7f172988feebf990ef593f54bac324 https://archive.ubuntu.com/ubuntu/pool/main/p/pciutils/pciutils_3.10.0-2build1_amd64.deb
