packaging==26.3 \
    --hash=sha256:94edc256424af38762eb31306eed28beb9f0efc50a8837492c9d6fd6004aed79 \
    --hash=sha256:d7193f7c8e4e93f444fde0262bf90af30e16fa0ad0ad44cb553c87339b23cd1c
    # via wheel
pip==26.1.2 \
    --hash=sha256:382ff9f685ee3bc25864f820aa50505825f10f5458ffff07e30a6d96e5715cab \
    --hash=sha256:f49cd134c61cf2fd75e0ce2676db03e4054504a5a4986d00f8299ae632dc4605
    # via -r npa/docker/workbench/ncore/build-requirements.in
setuptools==83.0.0 \
    --hash=sha256:025bccbbf0fa05b6192bc64ae1e7b16e001fd6d6d4d5de03c97b1c1ade523bef \
    --hash=sha256:29b23c360f22f414dc7336bb39178cc7bcbf6021ed2733cde173f09dba19abb3
    # via -r npa/docker/workbench/ncore/build-requirements.in
wheel==0.46.2 \
    --hash=sha256:33ae60725d69eaa249bc1982e739943c23b34b58d51f1cb6253453773aca6e65 \
    --hash=sha256:3d79e48fde9847618a5a181f3cc35764c349c752e2fe911e65fa17faab9809b0
    # via -r npa/docker/workbench/ncore/build-requirements.in
