beniget==0.5.0 \
    --hash=sha256:909efcd083af1ac4a5db311f57c415df8cb05c4307eda345edeafac3cd930043 \
    --hash=sha256:e7af11fa8ec7de3d3eb3d98b1e722d15d44017d8b35d8aa11d54f6719b312f22
    # via pythran
cython==3.2.4 \
    --hash=sha256:02cb0cc0f23b9874ad262d7d2b9560aed9c7e2df07b49b920bda6f2cc9cb505e \
    --hash=sha256:03893c88299a2c868bb741ba6513357acd104e7c42265809fd58dce1456a36fc \
    --hash=sha256:14dae483ca2838b287085ff98bc206abd7a597b7bb16939a092f8e84d9062842 \
    --hash=sha256:1a64a112a34ec719b47c01395647e54fb4cf088a511613f9a3a5196694e8e382 \
    --hash=sha256:28b1e363b024c4b8dcf52ff68125e635cb9cb4b0ba997d628f25e32543a71103 \
    --hash=sha256:28e8075087a59756f2d059273184b8b639fe0f16cf17470bd91c39921bc154e0 \
    --hash=sha256:2b1f12c0e4798293d2754e73cd6f35fa5bbdf072bdc14bc6fc442c059ef2d290 \
    --hash=sha256:31a90b4a2c47bb6d56baeb926948348ec968e932c1ae2c53239164e3e8880ccf \
    --hash=sha256:35ab0632186057406ec729374c737c37051d2eacad9d515d94e5a3b3e58a9b02 \
    --hash=sha256:36bf3f5eb56d5281aafabecbaa6ed288bc11db87547bba4e1e52943ae6961ccf \
    --hash=sha256:3b6e58f73a69230218d5381817850ce6d0da5bb7e87eb7d528c7027cbba40b06 \
    --hash=sha256:3b8e62049afef9da931d55de82d8f46c9a147313b69d5ff6af6e9121d545ce7a \
    --hash=sha256:55b6c44cd30821f0b25220ceba6fe636ede48981d2a41b9bbfe3c7902ce44ea7 \
    --hash=sha256:55eb425c0baf1c8a46aa4424bc35b709db22f3c8a1de33adb3ecb8a3d54ea42a \
    --hash=sha256:64d7f71be3dd6d6d4a4c575bb3a4674ea06d1e1e5e4cd1b9882a2bc40ed3c4c9 \
    --hash=sha256:67922c9de058a0bfb72d2e75222c52d09395614108c68a76d9800f150296ddb3 \
    --hash=sha256:6d5267f22b6451eb1e2e1b88f6f78a2c9c8733a6ddefd4520d3968d26b824581 \
    --hash=sha256:72e6c0bbd978e2678b45351395f6825b9b8466095402eae293f4f7a73e9a3e85 \
    --hash=sha256:732fc93bc33ae4b14f6afaca663b916c2fdd5dcbfad7114e17fb2434eeaea45c \
    --hash=sha256:767b143704bdd08a563153448955935844e53b852e54afdc552b43902ed1e235 \
    --hash=sha256:83266c356c13c68ffe658b4905279c993d8a5337bb0160fa90c8a3e297ea9a2e \
    --hash=sha256:84226ecd313b233da27dc2eb3601b4f222b8209c3a7216d8733b031da1dc64e6 \
    --hash=sha256:869487ea41d004f8b92171f42271fbfadb1ec03bede3158705d16cd570d6b891 \
    --hash=sha256:90f43be4eaa6afd58ce20d970bb1657a3627c44e1760630b82aa256ba74b4acb \
    --hash=sha256:983f9d2bb8a896e16fa68f2b37866ded35fa980195eefe62f764ddc5f9f5ef8e \
    --hash=sha256:b362819d155fff1482575e804e43e3a8825332d32baa15245f4642022664a3f4 \
    --hash=sha256:b84d4e3c875915545f77c88dba65ad3741afd2431e5cdee6c9a20cefe6905647 \
    --hash=sha256:ca2399dc75796b785f74fb85c938254fa10c80272004d573c455f9123eceed86 \
    --hash=sha256:ca578c9cb872c7ecffbe14815dc4590a003bc13339e90b2633540c7e1a252839 \
    --hash=sha256:d4b4fd5332ab093131fa6172e8362f16adef3eac3179fd24bbdc392531cb82fa \
    --hash=sha256:e3b5ac54e95f034bc7fb07313996d27cbf71abc17b229b186c1540942d2dc28e \
    --hash=sha256:e65e4773021f8dc8532010b4fbebe782c77f9a0817e93886e518c93bd6a44e9d \
    --hash=sha256:e71efb20048358a6b8ec604a0532961c50c067b5e63e345e2e359fff72feaee8 \
    --hash=sha256:f136f379a4a54246facd0eb6f1ee15c3837cb314ce87b677582ec014db4c6845 \
    --hash=sha256:f583cad7a7eed109f0babb5035e92d0c1260598f53add626a8568b57246b62c3 \
    --hash=sha256:f81eda419b5ada7b197bbc3c5f4494090e3884521ffd75a3876c93fbf66c9ca8 \
    --hash=sha256:f8d685a70bce39acc1d62ec3916d9b724b5ef665b0ce25ae55e1c85ee09747fc \
    --hash=sha256:fdfdd753ad7e18e5092b413e9f542e8d28b8a08203126090e1c15f7783b7fe57 \
    --hash=sha256:ff9af2134c05e3734064808db95b4dd7341a39af06e8945d05ea358e1741aaed
    # via -r npa/docker/workbench/ncore/native-reader-build.in
gast==0.7.0 \
    --hash=sha256:0bb14cd1b806722e91ddbab6fb86bba148c22b40e7ff11e248974e04c8adfdae \
    --hash=sha256:99cbf1365633a74099f69c59bd650476b96baa5ef196fec88032b00b31ba36f7
    # via
    #   beniget
    #   pythran
meson==1.8.3 \
    --hash=sha256:ef02b806ce0c5b6becd5bb5dc9fa67662320b29b337e7ace73e4354500590233 \
    --hash=sha256:f118aa910fc0a137cc2dd0122232dbf82153d9a12fb5b0f5bb64896f6a157abf
    # via
    #   -r npa/docker/workbench/ncore/native-reader-build.in
    #   meson-python
meson-python==0.19.0 \
    --hash=sha256:67b5906c37404396d23c195e12c8825506074460d4a2e7083266b845d14f0298 \
    --hash=sha256:9959d198aa69b57fcfd354a34518c6f795b781a73ed0656f4d01660160cc2553
    # via -r npa/docker/workbench/ncore/native-reader-build.in
packaging==26.3 \
    --hash=sha256:94edc256424af38762eb31306eed28beb9f0efc50a8837492c9d6fd6004aed79 \
    --hash=sha256:d7193f7c8e4e93f444fde0262bf90af30e16fa0ad0ad44cb553c87339b23cd1c
    # via
    #   meson-python
    #   pyproject-metadata
    #   wheel
pip==26.1.2 \
    --hash=sha256:382ff9f685ee3bc25864f820aa50505825f10f5458ffff07e30a6d96e5715cab \
    --hash=sha256:f49cd134c61cf2fd75e0ce2676db03e4054504a5a4986d00f8299ae632dc4605
    # via -r npa/docker/workbench/ncore/native-reader-build.in
ply==3.11 \
    --hash=sha256:00c7c1aaa88358b9c765b6d3000c6eec0ba42abca5351b095321aef446081da3 \
    --hash=sha256:096f9b8350b65ebd2fd1346b12452efe5b9607f7482813ffca50c22722a807ce
    # via pythran
pybind11==3.0.4 \
    --hash=sha256:3286b59c8a774b9ee650169302dd5a4eedc30a8617905a0560dd8ee44775130c \
    --hash=sha256:961720ee652da51d531b7b2451a6bd2bc042b0106e6d9baa48ecb7d58034ce63
    # via -r npa/docker/workbench/ncore/native-reader-build.in
pyproject-metadata==0.12.1 \
    --hash=sha256:8809a4df6fe08279b39a8890669506ed3158e0617855ac9aff098fcbe772ae4c \
    --hash=sha256:f7162d580a96386a8eb096da06215f981f547d1490f03055ef99e323bc2da427
    # via meson-python
pythran==0.19.0 \
    --hash=sha256:18a096daa8b4bbe3ace06ce5d7325be5ff57aec4cf67b91834cf1b757b3e5392 \
    --hash=sha256:42ab2039b4eaec01084e92a2721a474e893047ba5ec87b14d45ee077ac883d08
    # via -r npa/docker/workbench/ncore/native-reader-build.in
setuptools==83.0.0 \
    --hash=sha256:025bccbbf0fa05b6192bc64ae1e7b16e001fd6d6d4d5de03c97b1c1ade523bef \
    --hash=sha256:29b23c360f22f414dc7336bb39178cc7bcbf6021ed2733cde173f09dba19abb3
    # via
    #   -r npa/docker/workbench/ncore/native-reader-build.in
    #   pythran
wheel==0.46.2 \
    --hash=sha256:33ae60725d69eaa249bc1982e739943c23b34b58d51f1cb6253453773aca6e65 \
    --hash=sha256:3d79e48fde9847618a5a181f3cc35764c349c752e2fe911e65fa17faab9809b0
    # via -r npa/docker/workbench/ncore/native-reader-build.in
