# Exact CPython 3.12 Linux x86_64 artifacts in runtime-lock.json. Runtime fetch only.
annotated-doc==0.0.5 --hash=sha256:117bac03a25ede5df5440e855b32d556049ca169ead221505badf432fed4b101
annotated-types==0.8.0 --hash=sha256:f072f4d804ea359e4eaf198b1af7a8b0943881a87f31bb764f8bf219bb9419e0
asciitree==0.3.3 --hash=sha256:4aa4b9b649f85e3fcb343363d97564aa1fb62e249677f2e18a96765145cc0f6e
boto3==1.43.89 --hash=sha256:fe4190afe63eb562b6ba6a3911cf4427473b35fa047adde093bf696d3ae09fc0
botocore==1.43.89 --hash=sha256:d7211220c815427fe71225acc6909e4ab5dfab3b03770e72fd16cf9eb86b3d1a
cbor2==5.9.0 --hash=sha256:4cd43d8fc374b31643b2830910f28177a606a7bc84975a62675dd3f2e320fc7b
click==8.1.8 --hash=sha256:63c132bbbed01578a06712a2d1f497bb62d9c1c0d329b7903a866228027263b2
dataclasses-json==0.6.7 --hash=sha256:0dbf33f26c8d5305befd61b39d2b3414e8a407bedc2834dea9b8d642666fb40a
debugpy==1.8.20 --hash=sha256:88f47850a4284b88bd2bfee1f26132147d5d504e4e86c22485dfa44b97e19b4b
deprecated==1.3.1 --hash=sha256:597bfef186b6f60181535a29fbe44865ce137a5079f295b479886c82729d5f3f
fasteners==0.20 --hash=sha256:9422c40d1e350e4259f509fb2e608d6bc43c0136f79a00db1b49046029d0b3b7
fsspec==2025.10.0 --hash=sha256:7c7712353ae7d875407f97715f0e1ffcc21e33d5b24556cb1e090ae9409ec61d
jmespath==1.1.0 --hash=sha256:a5663118de4908c91729bea0acadca56526eb2698e83de10cd116ae0f4e97c64
markdown-it-py==4.2.0 --hash=sha256:9f7ebbcd14fe59494226453aed97c1070d83f8d24b6fc3a3bcf9a38092641c4a
marshmallow==3.26.2 --hash=sha256:013fa8a3c4c276c24d26d84ce934dc964e2aa794345a0f8c7e5a7191482c8a73
mdurl==0.1.2 --hash=sha256:84008a41e51615a49fc9966191ff91509e3c40b939176e643fd50a5c2196b8f8
mypy-extensions==1.1.0 --hash=sha256:1be4cccdb0f2482337c4743e60421de3a356cd97508abadd57d47403e94f5505
numcodecs==0.15.1 --hash=sha256:c3a09e22140f2c691f7df26303ff8fa2dadcf26d7d0828398c0bc09b69e5efa3
numpy==1.26.4 --hash=sha256:675d61ffbfa78604709862923189bad94014bef562cc35cf61d3a07bba02a7ed
pathlib-abc==0.5.2 --hash=sha256:4c9d94cf1b23af417ce7c0417b43333b06a106c01000b286c99de230d95eefbb
pillow==12.3.0 --hash=sha256:78cb2c6865a35ab8ff8b75fd122f6033b92a62c82801110e48ddd6c936a45d91
pydantic==2.13.5 --hash=sha256:346a034f080da3755d8e9cb5e00e8b07de1d39e4f6e2c87d8ab7cafa0b269a73
pydantic-core==2.46.5 --hash=sha256:0fc5be0abd4a407e200d844b404e33639a554e7bd0d448e7b9ae181be4789ac2
pygments==2.21.0 --hash=sha256:2363c69b61c4a97c838da3b130dcd6468f4848992b21a82f2a63ec34377137d9
python-dateutil==2.9.0.post0 --hash=sha256:a8b2bc7bffae282281c8140a97d3aa9c14da0b136dfe83f850eea9a5f7470427
rich==15.0.0 --hash=sha256:33bd4ef74232fb73fe9279a257718407f169c09b78a87ad3d296f548e27de0bb
s3transfer==0.19.2 --hash=sha256:d8168eccca828cbb2cd573675333f3bddd254313a9c42494b84c76b539e8ba25
scipy==1.15.2 --hash=sha256:2b871df1fe1a3ba85d90e22742b93584f8d2b8e6124f8372ab15c71b73e428b8
shellingham==1.5.4 --hash=sha256:7ecfff8f2fd72616f7481040475a65b2bf8af90a56c89140852d1120324e8686
six==1.17.0 --hash=sha256:4721f391ed90541fddacab5acf947aa0d3dc7d27b2e1e8eda2be8970586c3274
tqdm==4.67.1 --hash=sha256:26445eca388f82e72884e0d580d5464cd801a3ea01e63e5601bdff9ba6a48de2
typer==0.27.2 --hash=sha256:b3a5fc4342d5fc8fda8fc3010b1cf117e9249aab7fae800c2eff62fd3842d97d
typing-extensions==4.16.0 --hash=sha256:481caa481374e813c1b176ada14e97f1f67a4539ce9cfeb3f350d78d6370c2e8
typing-inspect==0.9.0 --hash=sha256:9ee6fc59062311ef8547596ab6b955e1b8aa46242d854bfc78f4f6b0eff35f9f
typing-inspection==0.4.4 --hash=sha256:65b8397ba37ccbce054456aaccddfc91e6e3083c92824df348d96ca832f3f147
universal-pathlib==0.3.6 --hash=sha256:ff10a86e5340ad986b6f04847bb64ba397dff7467450234ffa2ab5ff135641d8
urllib3==2.7.0 --hash=sha256:9fb4c81ebbb1ce9531cce37674bbc6f1360472bc18ca9a553ede278ef7276897
wrapt==2.4.0 --hash=sha256:d7dbbdbfdacb85c2d962fa52db791c77943fd777d600d74c95af2d53b32f5a94
zarr==2.18.4 --hash=sha256:2795e20aff91093ce7e4da36ab1a138aededbd8ab66bf01fd01512e61d31e5d1
