# npa.gymnasium-robotics.runtime-requirements-lock.v2
# status: incomplete
# An authorized resolver must replace this refusal-only file with the complete
# Python 3.12 Linux x86-64 wheel closure. These bytes populate only an external,
# operator-owned runtime cache and never enter the neutral candidate layers.
# The independently reviewed MuJoCo wheel is evidence, not a complete graph.
mujoco==3.12.0 \
    --hash=sha256:7ec16ce408871a0a9157cc556958ab66cd34db9fc1dccd3ef07717170163a4e0
